// !$*UTF8*$!
{
	archiveVersion = 1;
	classes = {
	};
	objectVersion = 50;
	objects = {

/* Begin PBXBuildFile section */
		6F09A20B225D1FBC0003C1E4 /* AnimalProfileView.swift in Sources */ = {isa = PBXBuildFile; fileRef = 6F09A20A225D1FBC0003C1E4 /* AnimalProfileView.swift */; };
		6F09A20D225D200C0003C1E4 /* AnimalProfileView.xib in Resources */ = {isa = PBXBuildFile; fileRef = 6F09A20C225D200C0003C1E4 /* AnimalProfileView.xib */; };
		6F09A20F225D273F0003C1E4 /* ColoredView.swift in Sources */ = {isa = PBXBuildFile; fileRef = 6F09A20E225D273F0003C1E4 /* ColoredView.swift */; };
		6F09A31D225D517E0003C1E4 /* AnimalProfile.swift in Sources */ = {isa = PBXBuildFile; fileRef = 6F09A31C225D517E0003C1E4 /* AnimalProfile.swift */; };
		6F09A320225D53550003C1E4 /* UIColorExt.swift in Sources */ = {isa = PBXBuildFile; fileRef = 6F09A31F225D53550003C1E4 /* UIColorExt.swift */; };
		6FE404FB225BD68D00FA0889 /* AppDelegate.swift in Sources */ = {isa = PBXBuildFile; fileRef = 6FE404FA225BD68D00FA0889 /* AppDelegate.swift */; };
		6FE404FD225BD68D00FA0889 /* ViewController.swift in Sources */ = {isa = PBXBuildFile; fileRef = 6FE404FC225BD68D00FA0889 /* ViewController.swift */; };
		6FE40500225BD68D00FA0889 /* Main.storyboard in Resources */ = {isa = PBXBuildFile; fileRef = 6FE404FE225BD68D00FA0889 /* Main.storyboard */; };
		6FE40502225BD68E00FA0889 /* Assets.xcassets in Resources */ = {isa = PBXBuildFile; fileRef = 6FE40501225BD68E00FA0889 /* Assets.xcassets */; };
		6FE40505225BD68E00FA0889 /* LaunchScreen.storyboard in Resources */ = {isa = PBXBuildFile; fileRef = 6FE40503225BD68E00FA0889 /* LaunchScreen.storyboard */; };
		6FE4052A225BD7BD00FA0889 /* YPSwipeableStackView.framework in Frameworks */ = {isa = PBXBuildFile; fileRef = 6FE40521225BD74300FA0889 /* YPSwipeableStackView.framework */; };
		6FE4052B225BD7BD00FA0889 /* YPSwipeableStackView.framework in Embed Frameworks */ = {isa = PBXBuildFile; fileRef = 6FE40521225BD74300FA0889 /* YPSwipeableStackView.framework */; settings = {ATTRIBUTES = (CodeSignOnCopy, RemoveHeadersOnCopy, ); }; };
/* End PBXBuildFile section */

/* Begin PBXContainerItemProxy section */
		6FE40520225BD74300FA0889 /* PBXContainerItemProxy */ = {
			isa = PBXContainerItemProxy;
			containerPortal = 6FE4051C225BD74200FA0889 /* YPSwipeableStackView.xcodeproj */;
			proxyType = 2;
			remoteGlobalIDString = 6FE404E3225BD66800FA0889;
			remoteInfo = YPSwipeableStackView;
		};
		6FE4052C225BD7BD00FA0889 /* PBXContainerItemProxy */ = {
			isa = PBXContainerItemProxy;
			containerPortal = 6FE4051C225BD74200FA0889 /* YPSwipeableStackView.xcodeproj */;
			proxyType = 1;
			remoteGlobalIDString = 6FE404E2225BD66800FA0889;
			remoteInfo = YPSwipeableStackView;
		};
/* End PBXContainerItemProxy section */

/* Begin PBXCopyFilesBuildPhase section */
		6FE4052E225BD7BD00FA0889 /* Embed Frameworks */ = {
			isa = PBXCopyFilesBuildPhase;
			buildActionMask = 2147483647;
			dstPath = "";
			dstSubfolderSpec = 10;
			files = (
				6FE4052B225BD7BD00FA0889 /* YPSwipeableStackView.framework in Embed Frameworks */,
			);
			name = "Embed Frameworks";
			runOnlyForDeploymentPostprocessing = 0;
		};
/* End PBXCopyFilesBuildPhase section */

/* Begin PBXFileReference section */
		6F09A20A225D1FBC0003C1E4 /* AnimalProfileView.swift */ = {isa = PBXFileReference; lastKnownFileType = sourcecode.swift; path = AnimalProfileView.swift; sourceTree = "<group>"; };
		6F09A20C225D200C0003C1E4 /* AnimalProfileView.xib */ = {isa = PBXFileReference; lastKnownFileType = file.xib; path = AnimalProfileView.xib; sourceTree = "<group>"; };
		6F09A20E225D273F0003C1E4 /* ColoredView.swift */ = {isa = PBXFileReference; lastKnownFileType = sourcecode.swift; path = ColoredView.swift; sourceTree = "<group>"; };
		6F09A31C225D517E0003C1E4 /* AnimalProfile.swift */ = {isa = PBXFileReference; lastKnownFileType = sourcecode.swift; path = AnimalProfile.swift; sourceTree = "<group>"; };
		6F09A31F225D53550003C1E4 /* UIColorExt.swift */ = {isa = PBXFileReference; lastKnownFileType = sourcecode.swift; path = UIColorExt.swift; sourceTree = "<group>"; };
		6FE404F7225BD68D00FA0889 /* YPSwipeableStackViewExample.app */ = {isa = PBXFileReference; explicitFileType = wrapper.application; includeInIndex = 0; path = YPSwipeableStackViewExample.app; sourceTree = BUILT_PRODUCTS_DIR; };
		6FE404FA225BD68D00FA0889 /* AppDelegate.swift */ = {isa = PBXFileReference; lastKnownFileType = sourcecode.swift; path = AppDelegate.swift; sourceTree = "<group>"; };
		6FE404FC225BD68D00FA0889 /* ViewController.swift */ = {isa = PBXFileReference; lastKnownFileType = sourcecode.swift; path = ViewController.swift; sourceTree = "<group>"; };
		6FE404FF225BD68D00FA0889 /* Base */ = {isa = PBXFileReference; lastKnownFileType = file.storyboard; name = Base; path = Base.lproj/Main.storyboard; sourceTree = "<group>"; };
		6FE40501225BD68E00FA0889 /* Assets.xcassets */ = {isa = PBXFileReference; lastKnownFileType = folder.assetcatalog; path = Assets.xcassets; sourceTree = "<group>"; };
		6FE40504225BD68E00FA0889 /* Base */ = {isa = PBXFileReference; lastKnownFileType = file.storyboard; name = Base; path = Base.lproj/LaunchScreen.storyboard; sourceTree = "<group>"; };
		6FE40506225BD68E00FA0889 /* Info.plist */ = {isa = PBXFileReference; lastKnownFileType = text.plist.xml; path = Info.plist; sourceTree = "<group>"; };
		6FE4051C225BD74200FA0889 /* YPSwipeableStackView.xcodeproj */ = {isa = PBXFileReference; lastKnownFileType = "wrapper.pb-project"; name = YPSwipeableStackView.xcodeproj; path = ../YPSwipeableStackView/YPSwipeableStackView.xcodeproj; sourceTree = "<group>"; };
/* End PBXFileReference section */

/* Begin PBXFrameworksBuildPhase section */
		6FE404F4225BD68D00FA0889 /* Frameworks */ = {
			isa = PBXFrameworksBuildPhase;
			buildActionMask = 2147483647;
			files = (
				6FE4052A225BD7BD00FA0889 /* YPSwipeableStackView.framework in Frameworks */,
			);
			runOnlyForDeploymentPostprocessing = 0;
		};
/* End PBXFrameworksBuildPhase section */

/* Begin PBXGroup section */
		6F09A209225D1BEF0003C1E4 /* Views */ = {
			isa = PBXGroup;
			children = (
				6F09A20C225D200C0003C1E4 /* AnimalProfileView.xib */,
				6F09A20A225D1FBC0003C1E4 /* AnimalProfileView.swift */,
				6F09A20E225D273F0003C1E4 /* ColoredView.swift */,
			);
			path = Views;
			sourceTree = "<group>";
		};
		6F09A31B225D515D0003C1E4 /* Models */ = {
			isa = PBXGroup;
			children = (
				6F09A31C225D517E0003C1E4 /* AnimalProfile.swift */,
			);
			path = Models;
			sourceTree = "<group>";
		};
		6F09A31E225D53420003C1E4 /* Additional */ = {
			isa = PBXGroup;
			children = (
				6F09A31F225D53550003C1E4 /* UIColorExt.swift */,
			);
			path = Additional;
			sourceTree = "<group>";
		};
		6FE404EE225BD68D00FA0889 = {
			isa = PBXGroup;
			children = (
				6FE4051C225BD74200FA0889 /* YPSwipeableStackView.xcodeproj */,
				6FE404F9225BD68D00FA0889 /* YPSwipeableStackViewExample */,
				6FE404F8225BD68D00FA0889 /* Products */,
			);
			sourceTree = "<group>";
		};
		6FE404F8225BD68D00FA0889 /* Products */ = {
			isa = PBXGroup;
			children = (
				6FE404F7225BD68D00FA0889 /* YPSwipeableStackViewExample.app */,
			);
			name = Products;
			sourceTree = "<group>";
		};
		6FE404F9225BD68D00FA0889 /* YPSwipeableStackViewExample */ = {
			isa = PBXGroup;
			children = (
				6FE404FA225BD68D00FA0889 /* AppDelegate.swift */,
				6FE404FE225BD68D00FA0889 /* Main.storyboard */,
				6F09A209225D1BEF0003C1E4 /* Views */,
				6F09A31B225D515D0003C1E4 /* Models */,
				6FE4050E225BD6C000FA0889 /* Controllers */,
				6F09A31E225D53420003C1E4 /* Additional */,
				6FE4050C225BD6A600FA0889 /* Supporting Files */,
				6FE4050D225BD6B000FA0889 /* Resources */,
			);
			path = YPSwipeableStackViewExample;
			sourceTree = "<group>";
		};
		6FE4050C225BD6A600FA0889 /* Supporting Files */ = {
			isa = PBXGroup;
			children = (
				6FE40503225BD68E00FA0889 /* LaunchScreen.storyboard */,
				6FE40506225BD68E00FA0889 /* Info.plist */,
			);
			path = "Supporting Files";
			sourceTree = "<group>";
		};
		6FE4050D225BD6B000FA0889 /* Resources */ = {
			isa = PBXGroup;
			children = (
				6FE40501225BD68E00FA0889 /* Assets.xcassets */,
			);
			path = Resources;
			sourceTree = "<group>";
		};
		6FE4050E225BD6C000FA0889 /* Controllers */ = {
			isa = PBXGroup;
			children = (
				6FE404FC225BD68D00FA0889 /* ViewController.swift */,
			);
			path = Controllers;
			sourceTree = "<group>";
		};
		6FE4051D225BD74200FA0889 /* Products */ = {
			isa = PBXGroup;
			children = (
				6FE40521225BD74300FA0889 /* YPSwipeableStackView.framework */,
			);
			name = Products;
			sourceTree = "<group>";
		};
/* End PBXGroup section */

/* Begin PBXNativeTarget section */
		6FE404F6225BD68D00FA0889 /* YPSwipeableStackViewExample */ = {
			isa = PBXNativeTarget;
			buildConfigurationList = 6FE40509225BD68E00FA0889 /* Build configuration list for PBXNativeTarget "YPSwipeableStackViewExample" */;
			buildPhases = (
				6FE404F3225BD68D00FA0889 /* Sources */,
				6FE404F4225BD68D00FA0889 /* Frameworks */,
				6FE404F5225BD68D00FA0889 /* Resources */,
				6FE4052E225BD7BD00FA0889 /* Embed Frameworks */,
			);
			buildRules = (
			);
			dependencies = (
				6FE4052D225BD7BD00FA0889 /* PBXTargetDependency */,
			);
			name = YPSwipeableStackViewExample;
			productName = YPSwipeableStackViewExample;
			productReference = 6FE404F7225BD68D00FA0889 /* YPSwipeableStackViewExample.app */;
			productType = "com.apple.product-type.application";
		};
/* End PBXNativeTarget section */

/* Begin PBXProject section */
		6FE404EF225BD68D00FA0889 /* Project object */ = {
			isa = PBXProject;
			attributes = {
				LastSwiftUpdateCheck = 1020;
				LastUpgradeCheck = 1020;
				ORGANIZATIONNAME = "Yevhenii Peteliev";
				TargetAttributes = {
					6FE404F6225BD68D00FA0889 = {
						CreatedOnToolsVersion = 10.2;
					};
				};
			};
			buildConfigurationList = 6FE404F2225BD68D00FA0889 /* Build configuration list for PBXProject "YPSwipeableStackViewExample" */;
			compatibilityVersion = "Xcode 9.3";
			developmentRegion = en;
			hasScannedForEncodings = 0;
			knownRegions = (
				en,
				Base,
			);
			mainGroup = 6FE404EE225BD68D00FA0889;
			productRefGroup = 6FE404F8225BD68D00FA0889 /* Products */;
			projectDirPath = "";
			projectReferences = (
				{
					ProductGroup = 6FE4051D225BD74200FA0889 /* Products */;
					ProjectRef = 6FE4051C225BD74200FA0889 /* YPSwipeableStackView.xcodeproj */;
				},
			);
			projectRoot = "";
			targets = (
				6FE404F6225BD68D00FA0889 /* YPSwipeableStackViewExample */,
			);
		};
/* End PBXProject section */

/* Begin PBXReferenceProxy section */
		6FE40521225BD74300FA0889 /* YPSwipeableStackView.framework */ = {
			isa = PBXReferenceProxy;
			fileType = wrapper.framework;
			path = YPSwipeableStackView.framework;
			remoteRef = 6FE40520225BD74300FA0889 /* PBXContainerItemProxy */;
			sourceTree = BUILT_PRODUCTS_DIR;
		};
/* End PBXReferenceProxy section */

/* Begin PBXResourcesBuildPhase section */
		6FE404F5225BD68D00FA0889 /* Resources */ = {
			isa = PBXResourcesBuildPhase;
			buildActionMask = 2147483647;
			files = (
				6F09A20D225D200C0003C1E4 /* AnimalProfileView.xib in Resources */,
				6FE40505225BD68E00FA0889 /* LaunchScreen.storyboard in Resources */,
				6FE40502225BD68E00FA0889 /* Assets.xcassets in Resources */,
				6FE40500225BD68D00FA0889 /* Main.storyboard in Resources */,
			);
			runOnlyForDeploymentPostprocessing = 0;
		};
/* End PBXResourcesBuildPhase section */

/* Begin PBXSourcesBuildPhase section */
		6FE404F3225BD68D00FA0889 /* Sources */ = {
			isa = PBXSourcesBuildPhase;
			buildActionMask = 2147483647;
			files = (
				6FE404FD225BD68D00FA0889 /* ViewController.swift in Sources */,
				6F09A320225D53550003C1E4 /* UIColorExt.swift in Sources */,
				6F09A31D225D517E0003C1E4 /* AnimalProfile.swift in Sources */,
				6FE404FB225BD68D00FA0889 /* AppDelegate.swift in Sources */,
				6F09A20B225D1FBC0003C1E4 /* AnimalProfileView.swift in Sources */,
				6F09A20F225D273F0003C1E4 /* ColoredView.swift in Sources */,
			);
			runOnlyForDeploymentPostprocessing = 0;
		};
/* End PBXSourcesBuildPhase section */

/* Begin PBXTargetDependency section */
		6FE4052D225BD7BD00FA0889 /* PBXTargetDependency */ = {
			isa = PBXTargetDependency;
			name = YPSwipeableStackView;
			targetProxy = 6FE4052C225BD7BD00FA0889 /* PBXContainerItemProxy */;
		};
/* End PBXTargetDependency section */

/* Begin PBXVariantGroup section */
		6FE404FE225BD68D00FA0889 /* Main.storyboard */ = {
			isa = PBXVariantGroup;
			children = (
				6FE404FF225BD68D00FA0889 /* Base */,
			);
			name = Main.storyboard;
			sourceTree = "<group>";
		};
		6FE40503225BD68E00FA0889 /* LaunchScreen.storyboard */ = {
			isa = PBXVariantGroup;
			children = (
				6FE40504225BD68E00FA0889 /* Base */,
			);
			name = LaunchScreen.storyboard;
			sourceTree = "<group>";
		};
/* End PBXVariantGroup section */

/* Begin XCBuildConfiguration section */
		6FE40507225BD68E00FA0889 /* Debug */ = {
			isa = XCBuildConfiguration;
			buildSettings = {
				ALWAYS_SEARCH_USER_PATHS = NO;
				CLANG_ANALYZER_NONNULL = YES;
				CLANG_ANALYZER_NUMBER_OBJECT_CONVERSION = YES_AGGRESSIVE;
				CLANG_CXX_LANGUAGE_STANDARD = "gnu++14";
				CLANG_CXX_LIBRARY = "libc++";
				CLANG_ENABLE_MODULES = YES;
				CLANG_ENABLE_OBJC_ARC = YES;
				CLANG_ENABLE_OBJC_WEAK = YES;
				CLANG_WARN_BLOCK_CAPTURE_AUTORELEASING = YES;
				CLANG_WARN_BOOL_CONVERSION = YES;
				CLANG_WARN_COMMA = YES;
				CLANG_WARN_CONSTANT_CONVERSION = YES;
				CLANG_WARN_DEPRECATED_OBJC_IMPLEMENTATIONS = YES;
				CLANG_WARN_DIRECT_OBJC_ISA_USAGE = YES_ERROR;
				CLANG_WARN_DOCUMENTATION_COMMENTS = YES;
				CLANG_WARN_EMPTY_BODY = YES;
				CLANG_WARN_ENUM_CONVERSION = YES;
				CLANG_WARN_INFINITE_RECURSION = YES;
				CLANG_WARN_INT_CONVERSION = YES;
				CLANG_WARN_NON_LITERAL_NULL_CONVERSION = YES;
				CLANG_WARN_OBJC_IMPLICIT_RETAIN_SELF = YES;
				CLANG_WARN_OBJC_LITERAL_CONVERSION = YES;
				CLANG_WARN_OBJC_ROOT_CLASS = YES_ERROR;
				CLANG_WARN_RANGE_LOOP_ANALYSIS = YES;
				CLANG_WARN_STRICT_PROTOTYPES = YES;
				CLANG_WARN_SUSPICIOUS_MOVE = YES;
				CLANG_WARN_UNGUARDED_AVAILABILITY = YES_AGGRESSIVE;
				CLANG_WARN_UNREACHABLE_CODE = YES;
				CLANG_WARN__DUPLICATE_METHOD_MATCH = YES;
				CODE_SIGN_IDENTITY = "iPhone Developer";
				COPY_PHASE_STRIP = NO;
				DEBUG_INFORMATION_FORMAT = dwarf;
				ENABLE_STRICT_OBJC_MSGSEND = YES;
				ENABLE_TESTABILITY = YES;
				GCC_C_LANGUAGE_STANDARD = gnu11;
				GCC_DYNAMIC_NO_PIC = NO;
				GCC_NO_COMMON_BLOCKS = YES;
				GCC_OPTIMIZATION_LEVEL = 0;
				GCC_PREPROCESSOR_DEFINITIONS = (
					"DEBUG=1",
					"$(inherited)",
				);
				GCC_WARN_64_TO_32_BIT_CONVERSION = YES;
				GCC_WARN_ABOUT_RETURN_TYPE = YES_ERROR;
				GCC_WARN_UNDECLARED_SELECTOR = YES;
				GCC_WARN_UNINITIALIZED_AUTOS = YES_AGGRESSIVE;
				GCC_WARN_UNUSED_FUNCTION = YES;
				GCC_WARN_UNUSED_VARIABLE = YES;
				IPHONEOS_DEPLOYMENT_TARGET = 12.2;
				MTL_ENABLE_DEBUG_INFO = INCLUDE_SOURCE;
				MTL_FAST_MATH = YES;
				ONLY_ACTIVE_ARCH = YES;
				SDKROOT = iphoneos;
				SWIFT_ACTIVE_COMPILATION_CONDITIONS = DEBUG;
				SWIFT_OPTIMIZATION_LEVEL = "-Onone";
			};
			name = Debug;
		};
		6FE40508225BD68E00FA0889 /* Release */ = {
			isa = XCBuildConfiguration;
			buildSettings = {
				ALWAYS_SEARCH_USER_PATHS = NO;
				CLANG_ANALYZER_NONNULL = YES;
				CLANG_ANALYZER_NUMBER_OBJECT_CONVERSION = YES_AGGRESSIVE;
				CLANG_CXX_LANGUAGE_STANDARD = "gnu++14";
				CLANG_CXX_LIBRARY = "libc++";
				CLANG_ENABLE_MODULES = YES;
				CLANG_ENABLE_OBJC_ARC = YES;
				CLANG_ENABLE_OBJC_WEAK = YES;
				CLANG_WARN_BLOCK_CAPTURE_AUTORELEASING = YES;
				CLANG_WARN_BOOL_CONVERSION = YES;
				CLANG_WARN_COMMA = YES;
				CLANG_WARN_CONSTANT_CONVERSION = YES;
				CLANG_WARN_DEPRECATED_OBJC_IMPLEMENTATIONS = YES;
				CLANG_WARN_DIRECT_OBJC_ISA_USAGE = YES_ERROR;
				CLANG_WARN_DOCUMENTATION_COMMENTS = YES;
				CLANG_WARN_EMPTY_BODY = YES;
				CLANG_WARN_ENUM_CONVERSION = YES;
				CLANG_WARN_INFINITE_RECURSION = YES;
				CLANG_WARN_INT_CONVERSION = YES;
				CLANG_WARN_NON_LITERAL_NULL_CONVERSION = YES;
				CLANG_WARN_OBJC_IMPLICIT_RETAIN_SELF = YES;
				CLANG_WARN_OBJC_LITERAL_CONVERSION = YES;
				CLANG_WARN_OBJC_ROOT_CLASS = YES_ERROR;
				CLANG_WARN_RANGE_LOOP_ANALYSIS = YES;
				CLANG_WARN_STRICT_PROTOTYPES = YES;
				CLANG_WARN_SUSPICIOUS_MOVE = YES;
				CLANG_WARN_UNGUARDED_AVAILABILITY = YES_AGGRESSIVE;
				CLANG_WARN_UNREACHABLE_CODE = YES;
				CLANG_WARN__DUPLICATE_METHOD_MATCH = YES;
				CODE_SIGN_IDENTITY = "iPhone Developer";
				COPY_PHASE_STRIP = NO;
				DEBUG_INFORMATION_FORMAT = "dwarf-with-dsym";
				ENABLE_NS_ASSERTIONS = NO;
				ENABLE_STRICT_OBJC_MSGSEND = YES;
				GCC_C_LANGUAGE_STANDARD = gnu11;
				GCC_NO_COMMON_BLOCKS = YES;
				GCC_WARN_64_TO_32_BIT_CONVERSION = YES;
				GCC_WARN_ABOUT_RETURN_TYPE = YES_ERROR;
				GCC_WARN_UNDECLARED_SELECTOR = YES;
				GCC_WARN_UNINITIALIZED_AUTOS = YES_AGGRESSIVE;
				GCC_WARN_UNUSED_FUNCTION = YES;
				GCC_WARN_UNUSED_VARIABLE = YES;
				IPHONEOS_DEPLOYMENT_TARGET = 12.2;
				MTL_ENABLE_DEBUG_INFO = NO;
				MTL_FAST_MATH = YES;
				SDKROOT = iphoneos;
				SWIFT_COMPILATION_MODE = wholemodule;
				SWIFT_OPTIMIZATION_LEVEL = "-O";
				VALIDATE_PRODUCT = YES;
			};
			name = Release;
		};
		6FE4050A225BD68E00FA0889 /* Debug */ = {
			isa = XCBuildConfiguration;
			buildSettings = {
				ASSETCATALOG_COMPILER_APPICON_NAME = AppIcon;
				CODE_SIGN_STYLE = Automatic;
				DEVELOPMENT_TEAM = Q7G6BLSVJ2;
				INFOPLIST_FILE = "$(SRCROOT)/YPSwipeableStackViewExample/Supporting Files/Info.plist";
				LD_RUNPATH_SEARCH_PATHS = (
					"$(inherited)",
					"@executable_path/Frameworks",
				);
				PRODUCT_BUNDLE_IDENTIFIER = zhenya.peteliev.YPSwipeableStackViewExample;
				PRODUCT_NAME = "$(TARGET_NAME)";
				SWIFT_VERSION = 5.0;
				TARGETED_DEVICE_FAMILY = "1,2";
			};
			name = Debug;
		};
		6FE4050B225BD68E00FA0889 /* Release */ = {
			isa = XCBuildConfiguration;
			buildSettings = {
				ASSETCATALOG_COMPILER_APPICON_NAME = AppIcon;
				CODE_SIGN_STYLE = Automatic;
				DEVELOPMENT_TEAM = Q7G6BLSVJ2;
				INFOPLIST_FILE = "$(SRCROOT)/YPSwipeableStackViewExample/Supporting Files/Info.plist";
				LD_RUNPATH_SEARCH_PATHS = (
					"$(inherited)",
					"@executable_path/Frameworks",
				);
				PRODUCT_BUNDLE_IDENTIFIER = zhenya.peteliev.YPSwipeableStackViewExample;
				PRODUCT_NAME = "$(TARGET_NAME)";
				SWIFT_VERSION = 5.0;
				TARGETED_DEVICE_FAMILY = "1,2";
			};
			name = Release;
		};
/* End XCBuildConfiguration section */

/* Begin XCConfigurationList section */
		6FE404F2225BD68D00FA0889 /* Build configuration list for PBXProject "YPSwipeableStackViewExample" */ = {
			isa = XCConfigurationList;
			buildConfigurations = (
				6FE40507225BD68E00FA0889 /* Debug */,
				6FE40508225BD68E00FA0889 /* Release */,
			);
			defaultConfigurationIsVisible = 0;
			defaultConfigurationName = Release;
		};
		6FE40509225BD68E00FA0889 /* Build configuration list for PBXNativeTarget "YPSwipeableStackViewExample" */ = {
			isa = XCConfigurationList;
			buildConfigurations = (
				6FE4050A225BD68E00FA0889 /* Debug */,
				6FE4050B225BD68E00FA0889 /* Release */,
			);
			defaultConfigurationIsVisible = 0;
			defaultConfigurationName = Release;
		};
/* End XCConfigurationList section */
	};
	rootObject = 6FE404EF225BD68D00FA0889 /* Project object */;
}
